
Microsoft Visual Studio Solution File, Format Version 12.00
# Visual Studio Version 17
VisualStudioVersion = 17.12.35506.116 d17.12
MinimumVisualStudioVersion = 10.0.40219.1
Project("{FAE04EC0-301F-11D3-BF4B-00C04F79EFBC}") = "Dispractice", "Dispractice\Dispractice.csproj", "{471F6098-0BC6-466E-959A-020456AD18AE}"
EndProject
Project("{FAE04EC0-301F-11D3-BF4B-00C04F79EFBC}") = "Dispractice.Desktop", "Dispractice.Desktop\Dispractice.Desktop.csproj", "{5E9D0463-9A12-4BBD-85FE-B844BBF6598B}"
EndProject
Global
	GlobalSection(SolutionConfigurationPlatforms) = preSolution
		Debug|Any CPU = Debug|Any CPU
		Release|Any CPU = Release|Any CPU
	EndGlobalSection
	GlobalSection(ProjectConfigurationPlatforms) = postSolution
		{471F6098-0BC6-466E-959A-020456AD18AE}.Debug|Any CPU.ActiveCfg = Debug|Any CPU
		{471F6098-0BC6-466E-959A-020456AD18AE}.Debug|Any CPU.Build.0 = Debug|Any CPU
		{471F6098-0BC6-466E-959A-020456AD18AE}.Release|Any CPU.ActiveCfg = Release|Any CPU
		{471F6098-0BC6-466E-959A-020456AD18AE}.Release|Any CPU.Build.0 = Release|Any CPU
		{5E9D0463-9A12-4BBD-85FE-B844BBF6598B}.Debug|Any CPU.ActiveCfg = Debug|Any CPU
		{5E9D0463-9A12-4BBD-85FE-B844BBF6598B}.Debug|Any CPU.Build.0 = Debug|Any CPU
		{5E9D0463-9A12-4BBD-85FE-B844BBF6598B}.Release|Any CPU.ActiveCfg = Release|Any CPU
		{5E9D0463-9A12-4BBD-85FE-B844BBF6598B}.Release|Any CPU.Build.0 = Release|Any CPU
	EndGlobalSection
	GlobalSection(SolutionProperties) = preSolution
		HideSolutionNode = FALSE
	EndGlobalSection
EndGlobal
